
Microsoft Visual Studio Solution File, Format Version 12.00
# Visual Studio Version 17
VisualStudioVersion = 17.5.33627.172
MinimumVisualStudioVersion = 10.0.40219.1
Project("{9A19103F-16F7-4668-BE54-9A1E7A4F7556}") = "MongoDB&.Net", "Lab6\MongoDB&.Net.csproj", "{5791D3F0-75BC-4C7F-8DEC-77408FA6FAFA}"
EndProject
Global
	GlobalSection(SolutionConfigurationPlatforms) = preSolution
		Debug|Any CPU = Debug|Any CPU
		Release|Any CPU = Release|Any CPU
	EndGlobalSection
	GlobalSection(ProjectConfigurationPlatforms) = postSolution
		{5791D3F0-75BC-4C7F-8DEC-77408FA6FAFA}.Debug|Any CPU.ActiveCfg = Debug|Any CPU
		{5791D3F0-75BC-4C7F-8DEC-77408FA6FAFA}.Debug|Any CPU.Build.0 = Debug|Any CPU
		{5791D3F0-75BC-4C7F-8DEC-77408FA6FAFA}.Release|Any CPU.ActiveCfg = Release|Any CPU
		{5791D3F0-75BC-4C7F-8DEC-77408FA6FAFA}.Release|Any CPU.Build.0 = Release|Any CPU
	EndGlobalSection
	GlobalSection(SolutionProperties) = preSolution
		HideSolutionNode = FALSE
	EndGlobalSection
	GlobalSection(ExtensibilityGlobals) = postSolution
		SolutionGuid = {62203586-457D-43CD-BD02-13D678BBF24E}
	EndGlobalSection
EndGlobal
